
Microsoft Visual Studio Solution File, Format Version 12.00
# Visual Studio Version 17
VisualStudioVersion = 17.8.34330.188
MinimumVisualStudioVersion = 10.0.40219.1
Project("{9A19103F-16F7-4668-BE54-9A1E7A4F7556}") = "SecondBlazorWebApp", "SecondBlazorWebApp\SecondBlazorWebApp.csproj", "{EF4FC0D8-9B8C-4275-9A9E-5FCF7785DDE5}"
EndProject
Project("{FAE04EC0-301F-11D3-BF4B-00C04F79EFBC}") = "IbulakStoreServer", "IbulakStoreServer\IbulakStoreServer.csproj", "{BF7D6AC7-1B51-4824-ACE8-A42671526F6D}"
EndProject
Global
	GlobalSection(SolutionConfigurationPlatforms) = preSolution
		Debug|Any CPU = Debug|Any CPU
		Release|Any CPU = Release|Any CPU
	EndGlobalSection
	GlobalSection(ProjectConfigurationPlatforms) = postSolution
		{EF4FC0D8-9B8C-4275-9A9E-5FCF7785DDE5}.Debug|Any CPU.ActiveCfg = Debug|Any CPU
		{EF4FC0D8-9B8C-4275-9A9E-5FCF7785DDE5}.Debug|Any CPU.Build.0 = Debug|Any CPU
		{EF4FC0D8-9B8C-4275-9A9E-5FCF7785DDE5}.Release|Any CPU.ActiveCfg = Release|Any CPU
		{EF4FC0D8-9B8C-4275-9A9E-5FCF7785DDE5}.Release|Any CPU.Build.0 = Release|Any CPU
		{BF7D6AC7-1B51-4824-ACE8-A42671526F6D}.Debug|Any CPU.ActiveCfg = Debug|Any CPU
		{BF7D6AC7-1B51-4824-ACE8-A42671526F6D}.Debug|Any CPU.Build.0 = Debug|Any CPU
		{BF7D6AC7-1B51-4824-ACE8-A42671526F6D}.Release|Any CPU.ActiveCfg = Release|Any CPU
		{BF7D6AC7-1B51-4824-ACE8-A42671526F6D}.Release|Any CPU.Build.0 = Release|Any CPU
	EndGlobalSection
	GlobalSection(SolutionProperties) = preSolution
		HideSolutionNode = FALSE
	EndGlobalSection
	GlobalSection(ExtensibilityGlobals) = postSolution
		SolutionGuid = {98A3CA57-F7C7-4DB6-A420-399CF4398562}
	EndGlobalSection
EndGlobal
